
Microsoft Visual Studio Solution File, Format Version 12.00
# Visual Studio Version 17
VisualStudioVersion = 17.0.31903.59
MinimumVisualStudioVersion = 10.0.40219.1
Project("{2150E333-8FDC-42A3-9474-1A3956D46DE8}") = "src", "src", "{540DCA56-32CC-4871-B940-4FCDA210F1E7}"
EndProject
Project("{FAE04EC0-301F-11D3-BF4B-00C04F79EFBC}") = "CATapi.WebApi", "src\CATapi.WebApi\CATapi.WebApi.csproj", "{930DB40B-1B21-4254-9501-BABD2770824D}"
EndProject
Global
	GlobalSection(SolutionConfigurationPlatforms) = preSolution
		Debug|Any CPU = Debug|Any CPU
		Release|Any CPU = Release|Any CPU
	EndGlobalSection
	GlobalSection(SolutionProperties) = preSolution
		HideSolutionNode = FALSE
	EndGlobalSection
	GlobalSection(ProjectConfigurationPlatforms) = postSolution
		{930DB40B-1B21-4254-9501-BABD2770824D}.Debug|Any CPU.ActiveCfg = Debug|Any CPU
		{930DB40B-1B21-4254-9501-BABD2770824D}.Debug|Any CPU.Build.0 = Debug|Any CPU
		{930DB40B-1B21-4254-9501-BABD2770824D}.Release|Any CPU.ActiveCfg = Release|Any CPU
		{930DB40B-1B21-4254-9501-BABD2770824D}.Release|Any CPU.Build.0 = Release|Any CPU
	EndGlobalSection
	GlobalSection(NestedProjects) = preSolution
		{930DB40B-1B21-4254-9501-BABD2770824D} = {540DCA56-32CC-4871-B940-4FCDA210F1E7}
	EndGlobalSection
EndGlobal
